{
  "pins" : [
    {
      "identity" : "alamofire",
      "kind" : "remoteSourceControl",
      "location" : "https://github.com/Alamofire/Alamofire.git",
      "state" : {
        "revision" : "8dd85aee02e39dd280c75eef88ffdb86eed4b07b",
        "version" : "5.6.2"
      }
    },
    {
      "identity" : "fspagerview",
      "kind" : "remoteSourceControl",
      "location" : "https://github.com/WenchaoD/FSPagerView",
      "state" : {
        "branch" : "master",
        "revision" : "968f0aaf120b8cb97d12c3a4447daa4926029f67"
      }
    }
  ],
  "version" : 2
}
